
Microsoft Visual Studio Solution File, Format Version 12.00
# Visual Studio Version 16
VisualStudioVersion = 16.0.31424.327
MinimumVisualStudioVersion = 10.0.40219.1
Project("{FAE04EC0-301F-11D3-BF4B-00C04F79EFBC}") = "CagriMerkeziProgramı", "CagrıMerkeziUygulama\CagriMerkeziProgramı.csproj", "{C706F474-E109-4861-BFE1-DA12B4764D7B}"
EndProject
Global
	GlobalSection(SolutionConfigurationPlatforms) = preSolution
		Debug|Any CPU = Debug|Any CPU
		Release|Any CPU = Release|Any CPU
	EndGlobalSection
	GlobalSection(ProjectConfigurationPlatforms) = postSolution
		{C706F474-E109-4861-BFE1-DA12B4764D7B}.Debug|Any CPU.ActiveCfg = Debug|Any CPU
		{C706F474-E109-4861-BFE1-DA12B4764D7B}.Debug|Any CPU.Build.0 = Debug|Any CPU
		{C706F474-E109-4861-BFE1-DA12B4764D7B}.Release|Any CPU.ActiveCfg = Release|Any CPU
		{C706F474-E109-4861-BFE1-DA12B4764D7B}.Release|Any CPU.Build.0 = Release|Any CPU
	EndGlobalSection
	GlobalSection(SolutionProperties) = preSolution
		HideSolutionNode = FALSE
	EndGlobalSection
	GlobalSection(ExtensibilityGlobals) = postSolution
		SolutionGuid = {F22F4B30-508C-487A-9D2E-D4D3C0DD0FA6}
	EndGlobalSection
EndGlobal
